
Microsoft Visual Studio Solution File, Format Version 12.00
# Visual Studio Version 17
VisualStudioVersion = 17.10.34928.147
MinimumVisualStudioVersion = 10.0.40219.1
Project("{9A19103F-16F7-4668-BE54-9A1E7A4F7556}") = "Lolo.API", "Lolo.API\Lolo.API.csproj", "{589AB48D-2160-4935-93CD-BC7FA634DEBD}"
EndProject
Project("{9A19103F-16F7-4668-BE54-9A1E7A4F7556}") = "Lolo.Client", "Lolo.Client\Lolo.Client.csproj", "{4B0E14C2-B91B-4387-A534-E0BDDB2A39E4}"
EndProject
Global
	GlobalSection(SolutionConfigurationPlatforms) = preSolution
		Debug|Any CPU = Debug|Any CPU
		Release|Any CPU = Release|Any CPU
	EndGlobalSection
	GlobalSection(ProjectConfigurationPlatforms) = postSolution
		{589AB48D-2160-4935-93CD-BC7FA634DEBD}.Debug|Any CPU.ActiveCfg = Debug|Any CPU
		{589AB48D-2160-4935-93CD-BC7FA634DEBD}.Debug|Any CPU.Build.0 = Debug|Any CPU
		{589AB48D-2160-4935-93CD-BC7FA634DEBD}.Release|Any CPU.ActiveCfg = Release|Any CPU
		{589AB48D-2160-4935-93CD-BC7FA634DEBD}.Release|Any CPU.Build.0 = Release|Any CPU
		{4B0E14C2-B91B-4387-A534-E0BDDB2A39E4}.Debug|Any CPU.ActiveCfg = Debug|Any CPU
		{4B0E14C2-B91B-4387-A534-E0BDDB2A39E4}.Debug|Any CPU.Build.0 = Debug|Any CPU
		{4B0E14C2-B91B-4387-A534-E0BDDB2A39E4}.Release|Any CPU.ActiveCfg = Release|Any CPU
		{4B0E14C2-B91B-4387-A534-E0BDDB2A39E4}.Release|Any CPU.Build.0 = Release|Any CPU
	EndGlobalSection
	GlobalSection(SolutionProperties) = preSolution
		HideSolutionNode = FALSE
	EndGlobalSection
	GlobalSection(ExtensibilityGlobals) = postSolution
		SolutionGuid = {02ED41FB-CB57-4913-8F2D-329447FE71ED}
	EndGlobalSection
EndGlobal
